
Microsoft Visual Studio Solution File, Format Version 12.00
# Visual Studio 15
VisualStudioVersion = 15.0.28307.168
MinimumVisualStudioVersion = 15.0.0.0
Project("{9A19103F-16F7-4668-BE54-9A1E7A4F7556}") = "Atec.SourceTrace.Core", "src\Atec.SourceTrace.Core\Atec.SourceTrace.Core.csproj", "{E1A2B3C4-D5E6-4789-9012-3456789ABC01}"
EndProject
Project("{9A19103F-16F7-4668-BE54-9A1E7A4F7556}") = "Atec.SourceTrace.VisualStudio2017", "src\Atec.SourceTrace.VisualStudio2017\Atec.SourceTrace.VisualStudio2017.csproj", "{E2B3C4D5-E6F7-4890-1234-56789ABCDE02}"
EndProject
Project("{9A19103F-16F7-4668-BE54-9A1E7A4F7556}") = "Vs2017UnitTests", "tests\Vs2017UnitTests\Vs2017UnitTests.csproj", "{E3C4D5E6-F7A8-4901-2345-6789ABCDEF03}"
EndProject
Global
	GlobalSection(SolutionConfigurationPlatforms) = preSolution
		Debug|Any CPU = Debug|Any CPU
		Release|Any CPU = Release|Any CPU
	EndGlobalSection
	GlobalSection(ProjectConfigurationPlatforms) = postSolution
		{E1A2B3C4-D5E6-4789-9012-3456789ABC01}.Debug|Any CPU.ActiveCfg = Debug|Any CPU
		{E1A2B3C4-D5E6-4789-9012-3456789ABC01}.Debug|Any CPU.Build.0 = Debug|Any CPU
		{E1A2B3C4-D5E6-4789-9012-3456789ABC01}.Release|Any CPU.ActiveCfg = Release|Any CPU
		{E1A2B3C4-D5E6-4789-9012-3456789ABC01}.Release|Any CPU.Build.0 = Release|Any CPU
		{E2B3C4D5-E6F7-4890-1234-56789ABCDE02}.Debug|Any CPU.ActiveCfg = Debug|Any CPU
		{E2B3C4D5-E6F7-4890-1234-56789ABCDE02}.Debug|Any CPU.Build.0 = Debug|Any CPU
		{E2B3C4D5-E6F7-4890-1234-56789ABCDE02}.Release|Any CPU.ActiveCfg = Release|Any CPU
		{E2B3C4D5-E6F7-4890-1234-56789ABCDE02}.Release|Any CPU.Build.0 = Release|Any CPU
		{E3C4D5E6-F7A8-4901-2345-6789ABCDEF03}.Debug|Any CPU.ActiveCfg = Debug|Any CPU
		{E3C4D5E6-F7A8-4901-2345-6789ABCDEF03}.Debug|Any CPU.Build.0 = Debug|Any CPU
		{E3C4D5E6-F7A8-4901-2345-6789ABCDEF03}.Release|Any CPU.ActiveCfg = Release|Any CPU
		{E3C4D5E6-F7A8-4901-2345-6789ABCDEF03}.Release|Any CPU.Build.0 = Release|Any CPU
	EndGlobalSection
EndGlobal
